
Microsoft Visual Studio Solution File, Format Version 12.00
# Visual Studio 15
VisualStudioVersion = 15.0.27705.2000
MinimumVisualStudioVersion = 10.0.40219.1
Project("{FAE04EC0-301F-11D3-BF4B-00C04F79EFBC}") = "nexMUNI.Win10", "nexMuni\nexMUNI.Win10\nexMUNI.Win10.csproj", "{E9A12802-B77F-4628-9909-FE7C5023610B}"
EndProject
Project("{9A19103F-16F7-4668-BE54-9A1E7A4F7556}") = "NextBus", "..\NextBus-CSharp\NextBus\NextBus\NextBus.csproj", "{643C3085-A99D-4433-AB3B-1DC570A9D1DF}"
EndProject
Project("{FAE04EC0-301F-11D3-BF4B-00C04F79EFBC}") = "NexMuni.iOS", "nexMuni\nexMuni.iOS\NexMuni.iOS.csproj", "{101E3060-8799-4119-8A7A-4F86A01C0C84}"
EndProject
Global
	GlobalSection(SolutionConfigurationPlatforms) = preSolution
		Debug|Any CPU = Debug|Any CPU
		Debug|ARM = Debug|ARM
		Debug|iPhone = Debug|iPhone
		Debug|iPhoneSimulator = Debug|iPhoneSimulator
		Debug|x64 = Debug|x64
		Debug|x86 = Debug|x86
		Release|Any CPU = Release|Any CPU
		Release|ARM = Release|ARM
		Release|iPhone = Release|iPhone
		Release|iPhoneSimulator = Release|iPhoneSimulator
		Release|x64 = Release|x64
		Release|x86 = Release|x86
	EndGlobalSection
	GlobalSection(ProjectConfigurationPlatforms) = postSolution
		{E9A12802-B77F-4628-9909-FE7C5023610B}.Debug|Any CPU.ActiveCfg = Debug|x86
		{E9A12802-B77F-4628-9909-FE7C5023610B}.Debug|Any CPU.Build.0 = Debug|x86
		{E9A12802-B77F-4628-9909-FE7C5023610B}.Debug|Any CPU.Deploy.0 = Debug|x86
		{E9A12802-B77F-4628-9909-FE7C5023610B}.Debug|ARM.ActiveCfg = Debug|ARM
		{E9A12802-B77F-4628-9909-FE7C5023610B}.Debug|ARM.Build.0 = Debug|ARM
		{E9A12802-B77F-4628-9909-FE7C5023610B}.Debug|ARM.Deploy.0 = Debug|ARM
		{E9A12802-B77F-4628-9909-FE7C5023610B}.Debug|iPhone.ActiveCfg = Debug|x86
		{E9A12802-B77F-4628-9909-FE7C5023610B}.Debug|iPhoneSimulator.ActiveCfg = Debug|x86
		{E9A12802-B77F-4628-9909-FE7C5023610B}.Debug|x64.ActiveCfg = Debug|x64
		{E9A12802-B77F-4628-9909-FE7C5023610B}.Debug|x64.Build.0 = Debug|x64
		{E9A12802-B77F-4628-9909-FE7C5023610B}.Debug|x64.Deploy.0 = Debug|x64
		{E9A12802-B77F-4628-9909-FE7C5023610B}.Debug|x86.ActiveCfg = Debug|x86
		{E9A12802-B77F-4628-9909-FE7C5023610B}.Debug|x86.Build.0 = Debug|x86
		{E9A12802-B77F-4628-9909-FE7C5023610B}.Debug|x86.Deploy.0 = Debug|x86
		{E9A12802-B77F-4628-9909-FE7C5023610B}.Release|Any CPU.ActiveCfg = Release|x86
		{E9A12802-B77F-4628-9909-FE7C5023610B}.Release|ARM.ActiveCfg = Release|ARM
		{E9A12802-B77F-4628-9909-FE7C5023610B}.Release|ARM.Build.0 = Release|ARM
		{E9A12802-B77F-4628-9909-FE7C5023610B}.Release|ARM.Deploy.0 = Release|ARM
		{E9A12802-B77F-4628-9909-FE7C5023610B}.Release|iPhone.ActiveCfg = Release|x86
		{E9A12802-B77F-4628-9909-FE7C5023610B}.Release|iPhoneSimulator.ActiveCfg = Release|x86
		{E9A12802-B77F-4628-9909-FE7C5023610B}.Release|x64.ActiveCfg = Release|x64
		{E9A12802-B77F-4628-9909-FE7C5023610B}.Release|x64.Build.0 = Release|x64
		{E9A12802-B77F-4628-9909-FE7C5023610B}.Release|x64.Deploy.0 = Release|x64
		{E9A12802-B77F-4628-9909-FE7C5023610B}.Release|x86.ActiveCfg = Release|x86
		{E9A12802-B77F-4628-9909-FE7C5023610B}.Release|x86.Build.0 = Release|x86
		{E9A12802-B77F-4628-9909-FE7C5023610B}.Release|x86.Deploy.0 = Release|x86
		{643C3085-A99D-4433-AB3B-1DC570A9D1DF}.Debug|Any CPU.ActiveCfg = Debug|Any CPU
		{643C3085-A99D-4433-AB3B-1DC570A9D1DF}.Debug|Any CPU.Build.0 = Debug|Any CPU
		{643C3085-A99D-4433-AB3B-1DC570A9D1DF}.Debug|ARM.ActiveCfg = Debug|Any CPU
		{643C3085-A99D-4433-AB3B-1DC570A9D1DF}.Debug|ARM.Build.0 = Debug|Any CPU
		{643C3085-A99D-4433-AB3B-1DC570A9D1DF}.Debug|iPhone.ActiveCfg = Debug|Any CPU
		{643C3085-A99D-4433-AB3B-1DC570A9D1DF}.Debug|iPhone.Build.0 = Debug|Any CPU
		{643C3085-A99D-4433-AB3B-1DC570A9D1DF}.Debug|iPhoneSimulator.ActiveCfg = Debug|Any CPU
		{643C3085-A99D-4433-AB3B-1DC570A9D1DF}.Debug|iPhoneSimulator.Build.0 = Debug|Any CPU
		{643C3085-A99D-4433-AB3B-1DC570A9D1DF}.Debug|x64.ActiveCfg = Debug|Any CPU
		{643C3085-A99D-4433-AB3B-1DC570A9D1DF}.Debug|x64.Build.0 = Debug|Any CPU
		{643C3085-A99D-4433-AB3B-1DC570A9D1DF}.Debug|x86.ActiveCfg = Debug|Any CPU
		{643C3085-A99D-4433-AB3B-1DC570A9D1DF}.Debug|x86.Build.0 = Debug|Any CPU
		{643C3085-A99D-4433-AB3B-1DC570A9D1DF}.Release|Any CPU.ActiveCfg = Release|Any CPU
		{643C3085-A99D-4433-AB3B-1DC570A9D1DF}.Release|Any CPU.Build.0 = Release|Any CPU
		{643C3085-A99D-4433-AB3B-1DC570A9D1DF}.Release|ARM.ActiveCfg = Release|Any CPU
		{643C3085-A99D-4433-AB3B-1DC570A9D1DF}.Release|ARM.Build.0 = Release|Any CPU
		{643C3085-A99D-4433-AB3B-1DC570A9D1DF}.Release|iPhone.ActiveCfg = Release|Any CPU
		{643C3085-A99D-4433-AB3B-1DC570A9D1DF}.Release|iPhone.Build.0 = Release|Any CPU
		{643C3085-A99D-4433-AB3B-1DC570A9D1DF}.Release|iPhoneSimulator.ActiveCfg = Release|Any CPU
		{643C3085-A99D-4433-AB3B-1DC570A9D1DF}.Release|iPhoneSimulator.Build.0 = Release|Any CPU
		{643C3085-A99D-4433-AB3B-1DC570A9D1DF}.Release|x64.ActiveCfg = Release|Any CPU
		{643C3085-A99D-4433-AB3B-1DC570A9D1DF}.Release|x64.Build.0 = Release|Any CPU
		{643C3085-A99D-4433-AB3B-1DC570A9D1DF}.Release|x86.ActiveCfg = Release|Any CPU
		{643C3085-A99D-4433-AB3B-1DC570A9D1DF}.Release|x86.Build.0 = Release|Any CPU
		{101E3060-8799-4119-8A7A-4F86A01C0C84}.Debug|Any CPU.ActiveCfg = Debug|iPhone
		{101E3060-8799-4119-8A7A-4F86A01C0C84}.Debug|ARM.ActiveCfg = Debug|iPhone
		{101E3060-8799-4119-8A7A-4F86A01C0C84}.Debug|iPhone.ActiveCfg = Debug|iPhone
		{101E3060-8799-4119-8A7A-4F86A01C0C84}.Debug|iPhone.Build.0 = Debug|iPhone
		{101E3060-8799-4119-8A7A-4F86A01C0C84}.Debug|iPhoneSimulator.ActiveCfg = Debug|iPhoneSimulator
		{101E3060-8799-4119-8A7A-4F86A01C0C84}.Debug|iPhoneSimulator.Build.0 = Debug|iPhoneSimulator
		{101E3060-8799-4119-8A7A-4F86A01C0C84}.Debug|x64.ActiveCfg = Debug|iPhone
		{101E3060-8799-4119-8A7A-4F86A01C0C84}.Debug|x86.ActiveCfg = Debug|iPhone
		{101E3060-8799-4119-8A7A-4F86A01C0C84}.Release|Any CPU.ActiveCfg = Release|iPhone
		{101E3060-8799-4119-8A7A-4F86A01C0C84}.Release|ARM.ActiveCfg = Release|iPhone
		{101E3060-8799-4119-8A7A-4F86A01C0C84}.Release|iPhone.ActiveCfg = Release|iPhone
		{101E3060-8799-4119-8A7A-4F86A01C0C84}.Release|iPhone.Build.0 = Release|iPhone
		{101E3060-8799-4119-8A7A-4F86A01C0C84}.Release|iPhoneSimulator.ActiveCfg = Release|iPhoneSimulator
		{101E3060-8799-4119-8A7A-4F86A01C0C84}.Release|iPhoneSimulator.Build.0 = Release|iPhoneSimulator
		{101E3060-8799-4119-8A7A-4F86A01C0C84}.Release|x64.ActiveCfg = Release|iPhone
		{101E3060-8799-4119-8A7A-4F86A01C0C84}.Release|x86.ActiveCfg = Release|iPhone
	EndGlobalSection
	GlobalSection(SolutionProperties) = preSolution
		HideSolutionNode = FALSE
	EndGlobalSection
	GlobalSection(ExtensibilityGlobals) = postSolution
		SolutionGuid = {7877B20C-F52F-4250-B619-EDA1D90C2B37}
	EndGlobalSection
EndGlobal
