
Microsoft Visual Studio Solution File, Format Version 12.00
# Visual Studio 2013
VisualStudioVersion = 12.0.30501.0
MinimumVisualStudioVersion = 10.0.40219.1
Project("{2150E333-8FDC-42A3-9474-1A3956D46DE8}") = "nexMuni", "nexMuni", "{DC3EA2AB-2C94-43DC-A409-CE56BB08984B}"
EndProject
Project("{D954291E-2A0B-460D-934E-DC6B0785DB48}") = "nexMuni.Shared", "nexMuni\nexMuni.Shared\nexMuni.Shared.shproj", "{A8D4E81C-9639-48CB-ACA6-4CF0CE053724}"
EndProject
Project("{FAE04EC0-301F-11D3-BF4B-00C04F79EFBC}") = "nexMuni.Windows", "nexMuni\nexMuni.Windows\nexMuni.Windows.csproj", "{CB5DB889-8A12-4BF6-AA63-AE2CEB8722DD}"
EndProject
Project("{FAE04EC0-301F-11D3-BF4B-00C04F79EFBC}") = "nexMuni.WindowsPhone", "nexMuni\nexMuni.WindowsPhone\nexMuni.WindowsPhone.csproj", "{21A2852E-0604-4D65-A349-8F1C60A0CBD1}"
EndProject
Global
	GlobalSection(SharedMSBuildProjectFiles) = preSolution
		nexMuni\nexMuni.Shared\nexMuni.Shared.projitems*{21a2852e-0604-4d65-a349-8f1c60a0cbd1}*SharedItemsImports = 4
		nexMuni\nexMuni.Shared\nexMuni.Shared.projitems*{cb5db889-8a12-4bf6-aa63-ae2ceb8722dd}*SharedItemsImports = 4
		nexMuni\nexMuni.Shared\nexMuni.Shared.projitems*{a8d4e81c-9639-48cb-aca6-4cf0ce053724}*SharedItemsImports = 13
	EndGlobalSection
	GlobalSection(SolutionConfigurationPlatforms) = preSolution
		Debug|Any CPU = Debug|Any CPU
		Debug|ARM = Debug|ARM
		Debug|x64 = Debug|x64
		Debug|x86 = Debug|x86
		Release|Any CPU = Release|Any CPU
		Release|ARM = Release|ARM
		Release|x64 = Release|x64
		Release|x86 = Release|x86
	EndGlobalSection
	GlobalSection(ProjectConfigurationPlatforms) = postSolution
		{CB5DB889-8A12-4BF6-AA63-AE2CEB8722DD}.Debug|Any CPU.ActiveCfg = Debug|x86
		{CB5DB889-8A12-4BF6-AA63-AE2CEB8722DD}.Debug|ARM.ActiveCfg = Debug|ARM
		{CB5DB889-8A12-4BF6-AA63-AE2CEB8722DD}.Debug|ARM.Build.0 = Debug|ARM
		{CB5DB889-8A12-4BF6-AA63-AE2CEB8722DD}.Debug|ARM.Deploy.0 = Debug|ARM
		{CB5DB889-8A12-4BF6-AA63-AE2CEB8722DD}.Debug|x64.ActiveCfg = Debug|x64
		{CB5DB889-8A12-4BF6-AA63-AE2CEB8722DD}.Debug|x64.Build.0 = Debug|x64
		{CB5DB889-8A12-4BF6-AA63-AE2CEB8722DD}.Debug|x64.Deploy.0 = Debug|x64
		{CB5DB889-8A12-4BF6-AA63-AE2CEB8722DD}.Debug|x86.ActiveCfg = Debug|x86
		{CB5DB889-8A12-4BF6-AA63-AE2CEB8722DD}.Debug|x86.Build.0 = Debug|x86
		{CB5DB889-8A12-4BF6-AA63-AE2CEB8722DD}.Debug|x86.Deploy.0 = Debug|x86
		{CB5DB889-8A12-4BF6-AA63-AE2CEB8722DD}.Release|Any CPU.ActiveCfg = Release|Any CPU
		{CB5DB889-8A12-4BF6-AA63-AE2CEB8722DD}.Release|Any CPU.Build.0 = Release|Any CPU
		{CB5DB889-8A12-4BF6-AA63-AE2CEB8722DD}.Release|Any CPU.Deploy.0 = Release|Any CPU
		{CB5DB889-8A12-4BF6-AA63-AE2CEB8722DD}.Release|ARM.ActiveCfg = Release|ARM
		{CB5DB889-8A12-4BF6-AA63-AE2CEB8722DD}.Release|ARM.Build.0 = Release|ARM
		{CB5DB889-8A12-4BF6-AA63-AE2CEB8722DD}.Release|ARM.Deploy.0 = Release|ARM
		{CB5DB889-8A12-4BF6-AA63-AE2CEB8722DD}.Release|x64.ActiveCfg = Release|x64
		{CB5DB889-8A12-4BF6-AA63-AE2CEB8722DD}.Release|x64.Build.0 = Release|x64
		{CB5DB889-8A12-4BF6-AA63-AE2CEB8722DD}.Release|x64.Deploy.0 = Release|x64
		{CB5DB889-8A12-4BF6-AA63-AE2CEB8722DD}.Release|x86.ActiveCfg = Release|x86
		{CB5DB889-8A12-4BF6-AA63-AE2CEB8722DD}.Release|x86.Build.0 = Release|x86
		{CB5DB889-8A12-4BF6-AA63-AE2CEB8722DD}.Release|x86.Deploy.0 = Release|x86
		{21A2852E-0604-4D65-A349-8F1C60A0CBD1}.Debug|Any CPU.ActiveCfg = Debug|ARM
		{21A2852E-0604-4D65-A349-8F1C60A0CBD1}.Debug|Any CPU.Build.0 = Debug|ARM
		{21A2852E-0604-4D65-A349-8F1C60A0CBD1}.Debug|Any CPU.Deploy.0 = Debug|ARM
		{21A2852E-0604-4D65-A349-8F1C60A0CBD1}.Debug|ARM.ActiveCfg = Debug|ARM
		{21A2852E-0604-4D65-A349-8F1C60A0CBD1}.Debug|ARM.Build.0 = Debug|ARM
		{21A2852E-0604-4D65-A349-8F1C60A0CBD1}.Debug|ARM.Deploy.0 = Debug|ARM
		{21A2852E-0604-4D65-A349-8F1C60A0CBD1}.Debug|x64.ActiveCfg = Debug|Any CPU
		{21A2852E-0604-4D65-A349-8F1C60A0CBD1}.Debug|x86.ActiveCfg = Debug|ARM
		{21A2852E-0604-4D65-A349-8F1C60A0CBD1}.Debug|x86.Build.0 = Debug|ARM
		{21A2852E-0604-4D65-A349-8F1C60A0CBD1}.Debug|x86.Deploy.0 = Debug|ARM
		{21A2852E-0604-4D65-A349-8F1C60A0CBD1}.Release|Any CPU.ActiveCfg = Release|Any CPU
		{21A2852E-0604-4D65-A349-8F1C60A0CBD1}.Release|Any CPU.Build.0 = Release|Any CPU
		{21A2852E-0604-4D65-A349-8F1C60A0CBD1}.Release|Any CPU.Deploy.0 = Release|Any CPU
		{21A2852E-0604-4D65-A349-8F1C60A0CBD1}.Release|ARM.ActiveCfg = Release|ARM
		{21A2852E-0604-4D65-A349-8F1C60A0CBD1}.Release|ARM.Build.0 = Release|ARM
		{21A2852E-0604-4D65-A349-8F1C60A0CBD1}.Release|ARM.Deploy.0 = Release|ARM
		{21A2852E-0604-4D65-A349-8F1C60A0CBD1}.Release|x64.ActiveCfg = Release|Any CPU
		{21A2852E-0604-4D65-A349-8F1C60A0CBD1}.Release|x86.ActiveCfg = Release|x86
		{21A2852E-0604-4D65-A349-8F1C60A0CBD1}.Release|x86.Build.0 = Release|x86
		{21A2852E-0604-4D65-A349-8F1C60A0CBD1}.Release|x86.Deploy.0 = Release|x86
	EndGlobalSection
	GlobalSection(SolutionProperties) = preSolution
		HideSolutionNode = FALSE
	EndGlobalSection
	GlobalSection(NestedProjects) = preSolution
		{A8D4E81C-9639-48CB-ACA6-4CF0CE053724} = {DC3EA2AB-2C94-43DC-A409-CE56BB08984B}
		{CB5DB889-8A12-4BF6-AA63-AE2CEB8722DD} = {DC3EA2AB-2C94-43DC-A409-CE56BB08984B}
		{21A2852E-0604-4D65-A349-8F1C60A0CBD1} = {DC3EA2AB-2C94-43DC-A409-CE56BB08984B}
	EndGlobalSection
EndGlobal
